// !$*UTF8*$!
{
	archiveVersion = 1;
	classes = {
	};
	objectVersion = 46;
	objects = {

/* Begin PBXBuildFile section */
		088E5C8A3A1783004D8CCD80 /* Foundation.framework in Frameworks */ = {isa = PBXBuildFile; fileRef = 7A2E4466D333B21A91B8C2CE /* Foundation.framework */; };
		0AADAA29D90018379FA80933 /* AppModel.swift in Sources */ = {isa = PBXBuildFile; fileRef = 225D6308C11E8C47AFCD1EF7 /* AppModel.swift */; };
		15480F0C12212FE75A65B2FB /* PairingActivity.appex in Embed App Extensions */ = {isa = PBXBuildFile; fileRef = BC46766C780ACF64E861EE8D /* PairingActivity.appex */; };
		1D7244D44C471DBF77BC5F01 /* Security.framework in Frameworks */ = {isa = PBXBuildFile; fileRef = 1F0EADB6217B089C52D62FAC /* Security.framework */; };
		1FDCF290A2B09DABBD1BAD14 /* Rust-THIRD_PARTY_NOTICES.txt in Resources */ = {isa = PBXBuildFile; fileRef = 51649AC32033B8355B434687 /* Rust-THIRD_PARTY_NOTICES.txt */; };
		2B2F4053B6305B14F898B2A8 /* Assets.xcassets in Resources */ = {isa = PBXBuildFile; fileRef = 2F7025AAE0672CAE5AB09863 /* Assets.xcassets */; };
		314C4EA9C81390E8917B2727 /* BackgroundTasks.framework in Frameworks */ = {isa = PBXBuildFile; fileRef = 2D00415AFE36AB9747F46873 /* BackgroundTasks.framework */; };
		320D2D208AF7EE04C69B34D2 /* DeviceProbeServer.swift in Sources */ = {isa = PBXBuildFile; fileRef = 5697F903F441D86D85ADDEEB /* DeviceProbeServer.swift */; };
		35A7347830E3B5AF7F95F66A /* LineDraw-LICENSE.txt in Resources */ = {isa = PBXBuildFile; fileRef = 063DA717DB0B68C438A767C9 /* LineDraw-LICENSE.txt */; };
		3BB4BE58A8749948C6A33EA6 /* SettingsView.swift in Sources */ = {isa = PBXBuildFile; fileRef = 003EA0D1B94CA670AAE3C693 /* SettingsView.swift */; };
		417EEDC75EE18C79C0DC66DC /* SystemConfiguration.framework in Frameworks */ = {isa = PBXBuildFile; fileRef = 2DE74D9D511885D1BC42CE93 /* SystemConfiguration.framework */; };
		43363832F535436B4250BFF1 /* CatalogView.swift in Sources */ = {isa = PBXBuildFile; fileRef = 6093EE8B24CA20C04D32766E /* CatalogView.swift */; };
		4B5E472D26C635BBE01BBEB3 /* Foundation.framework in Frameworks */ = {isa = PBXBuildFile; fileRef = 7A2E4466D333B21A91B8C2CE /* Foundation.framework */; };
		5101B19E6EACB8DCB853EA68 /* DeviceRuntime.swift in Sources */ = {isa = PBXBuildFile; fileRef = C3559C053A6315C0979E30D5 /* DeviceRuntime.swift */; };
		5435D03561BB7FFB1776B1CF /* LineDrawDeviceBridge.xcframework in Frameworks */ = {isa = PBXBuildFile; fileRef = 3AFBA07DDC5A962D77E83095 /* LineDrawDeviceBridge.xcframework */; };
		577676EFE8338C288F30513E /* THIRD_PARTY_NOTICES.txt in Resources */ = {isa = PBXBuildFile; fileRef = 8007FD228BA5C1748FA3E5D6 /* THIRD_PARTY_NOTICES.txt */; };
		5E94875028DE8E27058AD2AB /* DDIDownloadCatalog.swift in Sources */ = {isa = PBXBuildFile; fileRef = 7471F993CC302E6B0112757A /* DDIDownloadCatalog.swift */; };
		7152C25714BBB07ACB2DAF55 /* catalog.json in Resources */ = {isa = PBXBuildFile; fileRef = CF0ED1727D398AC89EDD9106 /* catalog.json */; };
		744FD6DA0C4C29284B5547D9 /* PhonePairing.swift in Sources */ = {isa = PBXBuildFile; fileRef = 8EAD8690ADF9B563583CAD08 /* PhonePairing.swift */; };
		79069707B6C38458102AF913 /* PairingActivity.swift in Sources */ = {isa = PBXBuildFile; fileRef = C285A6C80B2DA8429297EBC6 /* PairingActivity.swift */; };
		93D1C12D9BEAD8947925CECD /* LineDrawUITests.swift in Sources */ = {isa = PBXBuildFile; fileRef = 86D35271501F00CF5B543A92 /* LineDrawUITests.swift */; };
		AF62492C2A47CC9F9465FF0B /* QRScanner.swift in Sources */ = {isa = PBXBuildFile; fileRef = D0E0C4DA9915F1CF4FD50F9A /* QRScanner.swift */; };
		BA8D6B208E80BC5F604678E2 /* LineDrawApp.swift in Sources */ = {isa = PBXBuildFile; fileRef = 10F8CCCADEA647B99276EF13 /* LineDrawApp.swift */; };
		C1F73FE1867400B5923A8408 /* LocalWDA.swift in Sources */ = {isa = PBXBuildFile; fileRef = 379CF0D698FB70D20EA2EC0E /* LocalWDA.swift */; };
		C407B53EE9EFED769C543993 /* PairingActivityAttributes.swift in Sources */ = {isa = PBXBuildFile; fileRef = 12365DE5681E3C454CCE3804 /* PairingActivityAttributes.swift */; };
		C427DF497B8686CD4FD2F5E3 /* Foundation.framework in Frameworks */ = {isa = PBXBuildFile; fileRef = 7A2E4466D333B21A91B8C2CE /* Foundation.framework */; };
		C45011DE42FC48D00949D5B4 /* PairingActivityAttributes.swift in Sources */ = {isa = PBXBuildFile; fileRef = 12365DE5681E3C454CCE3804 /* PairingActivityAttributes.swift */; };
		D2B0627AB28DA0981575D014 /* AppVersion.swift in Sources */ = {isa = PBXBuildFile; fileRef = CAF0AA23204CB535B8E1B420 /* AppVersion.swift */; };
		D96D81B794865EEDBE998D27 /* CompanionClient.swift in Sources */ = {isa = PBXBuildFile; fileRef = C9FA6A11B96CFDDA8A81E871 /* CompanionClient.swift */; };
		DAAD56031F45D384A000CEF3 /* DDIManager.swift in Sources */ = {isa = PBXBuildFile; fileRef = 41BB499597D1280D82311CDB /* DDIManager.swift */; };
		ECE414880E59C85B072C31B7 /* DeviceSetupView.swift in Sources */ = {isa = PBXBuildFile; fileRef = 9B8B730E437E015F5ED40701 /* DeviceSetupView.swift */; };
		F1D64B7C6CCF9168559A7CA4 /* LineDrawCore in Frameworks */ = {isa = PBXBuildFile; productRef = 458CEDD80C32D27F2D7D3BEC /* LineDrawCore */; };
/* End PBXBuildFile section */

/* Begin PBXContainerItemProxy section */
		91DD7E19D1AD77D257A96B73 /* PBXContainerItemProxy */ = {
			isa = PBXContainerItemProxy;
			containerPortal = A2958F812CE90041C0F87ACD /* Project object */;
			proxyType = 1;
			remoteGlobalIDString = 2B744407FFF3E26CF7CDA0C7;
			remoteInfo = LineDraw;
		};
		DD9F6BB1E8EDB07D02CB113C /* PBXContainerItemProxy */ = {
			isa = PBXContainerItemProxy;
			containerPortal = A2958F812CE90041C0F87ACD /* Project object */;
			proxyType = 1;
			remoteGlobalIDString = B128752DB800B38603A3568F;
			remoteInfo = PairingActivity;
		};
/* End PBXContainerItemProxy section */

/* Begin PBXCopyFilesBuildPhase section */
		914C747FF6D1AC1F2F88CB1F /* Embed App Extensions */ = {
			isa = PBXCopyFilesBuildPhase;
			buildActionMask = 2147483647;
			dstPath = "";
			dstSubfolderSpec = 13;
			files = (
				15480F0C12212FE75A65B2FB /* PairingActivity.appex in Embed App Extensions */,
			);
			name = "Embed App Extensions";
			runOnlyForDeploymentPostprocessing = 0;
		};
/* End PBXCopyFilesBuildPhase section */

/* Begin PBXFileReference section */
		003EA0D1B94CA670AAE3C693 /* SettingsView.swift */ = {isa = PBXFileReference; includeInIndex = 1; lastKnownFileType = sourcecode.swift; path = SettingsView.swift; sourceTree = "<group>"; };
		063DA717DB0B68C438A767C9 /* LineDraw-LICENSE.txt */ = {isa = PBXFileReference; includeInIndex = 1; path = "LineDraw-LICENSE.txt"; sourceTree = "<group>"; };
		10F8CCCADEA647B99276EF13 /* LineDrawApp.swift */ = {isa = PBXFileReference; includeInIndex = 1; lastKnownFileType = sourcecode.swift; path = LineDrawApp.swift; sourceTree = "<group>"; };
		12365DE5681E3C454CCE3804 /* PairingActivityAttributes.swift */ = {isa = PBXFileReference; includeInIndex = 1; lastKnownFileType = sourcecode.swift; path = PairingActivityAttributes.swift; sourceTree = "<group>"; };
		19D781667C1515696C5505BF /* LineDrawUITests.xctest */ = {isa = PBXFileReference; explicitFileType = wrapper.cfbundle; includeInIndex = 0; path = LineDrawUITests.xctest; sourceTree = BUILT_PRODUCTS_DIR; };
		1F0EADB6217B089C52D62FAC /* Security.framework */ = {isa = PBXFileReference; lastKnownFileType = wrapper.framework; name = Security.framework; path = Platforms/iPhoneOS.platform/Developer/SDKs/iPhoneOS26.0.sdk/System/Library/Frameworks/Security.framework; sourceTree = DEVELOPER_DIR; };
		225D6308C11E8C47AFCD1EF7 /* AppModel.swift */ = {isa = PBXFileReference; includeInIndex = 1; lastKnownFileType = sourcecode.swift; path = AppModel.swift; sourceTree = "<group>"; };
		2D00415AFE36AB9747F46873 /* BackgroundTasks.framework */ = {isa = PBXFileReference; lastKnownFileType = wrapper.framework; name = BackgroundTasks.framework; path = Platforms/iPhoneOS.platform/Developer/SDKs/iPhoneOS26.0.sdk/System/Library/Frameworks/BackgroundTasks.framework; sourceTree = DEVELOPER_DIR; };
		2DE74D9D511885D1BC42CE93 /* SystemConfiguration.framework */ = {isa = PBXFileReference; lastKnownFileType = wrapper.framework; name = SystemConfiguration.framework; path = Platforms/iPhoneOS.platform/Developer/SDKs/iPhoneOS26.0.sdk/System/Library/Frameworks/SystemConfiguration.framework; sourceTree = DEVELOPER_DIR; };
		2F7025AAE0672CAE5AB09863 /* Assets.xcassets */ = {isa = PBXFileReference; includeInIndex = 1; lastKnownFileType = folder.assetcatalog; path = Assets.xcassets; sourceTree = "<group>"; };
		379CF0D698FB70D20EA2EC0E /* LocalWDA.swift */ = {isa = PBXFileReference; includeInIndex = 1; lastKnownFileType = sourcecode.swift; path = LocalWDA.swift; sourceTree = "<group>"; };
		3AFBA07DDC5A962D77E83095 /* LineDrawDeviceBridge.xcframework */ = {isa = PBXFileReference; includeInIndex = 1; name = LineDrawDeviceBridge.xcframework; path = .runtime/LineDrawDeviceBridge.xcframework; sourceTree = "<group>"; };
		41BB499597D1280D82311CDB /* DDIManager.swift */ = {isa = PBXFileReference; includeInIndex = 1; lastKnownFileType = sourcecode.swift; path = DDIManager.swift; sourceTree = "<group>"; };
		51649AC32033B8355B434687 /* Rust-THIRD_PARTY_NOTICES.txt */ = {isa = PBXFileReference; includeInIndex = 1; path = "Rust-THIRD_PARTY_NOTICES.txt"; sourceTree = "<group>"; };
		5697F903F441D86D85ADDEEB /* DeviceProbeServer.swift */ = {isa = PBXFileReference; includeInIndex = 1; lastKnownFileType = sourcecode.swift; path = DeviceProbeServer.swift; sourceTree = "<group>"; };
		6093EE8B24CA20C04D32766E /* CatalogView.swift */ = {isa = PBXFileReference; includeInIndex = 1; lastKnownFileType = sourcecode.swift; path = CatalogView.swift; sourceTree = "<group>"; };
		7471F993CC302E6B0112757A /* DDIDownloadCatalog.swift */ = {isa = PBXFileReference; includeInIndex = 1; lastKnownFileType = sourcecode.swift; path = DDIDownloadCatalog.swift; sourceTree = "<group>"; };
		7A2E4466D333B21A91B8C2CE /* Foundation.framework */ = {isa = PBXFileReference; lastKnownFileType = wrapper.framework; name = Foundation.framework; path = Platforms/iPhoneOS.platform/Developer/SDKs/iPhoneOS26.0.sdk/System/Library/Frameworks/Foundation.framework; sourceTree = DEVELOPER_DIR; };
		8007FD228BA5C1748FA3E5D6 /* THIRD_PARTY_NOTICES.txt */ = {isa = PBXFileReference; includeInIndex = 1; path = THIRD_PARTY_NOTICES.txt; sourceTree = "<group>"; };
		86D35271501F00CF5B543A92 /* LineDrawUITests.swift */ = {isa = PBXFileReference; includeInIndex = 1; lastKnownFileType = sourcecode.swift; path = LineDrawUITests.swift; sourceTree = "<group>"; };
		8EAD8690ADF9B563583CAD08 /* PhonePairing.swift */ = {isa = PBXFileReference; includeInIndex = 1; lastKnownFileType = sourcecode.swift; path = PhonePairing.swift; sourceTree = "<group>"; };
		9B8B730E437E015F5ED40701 /* DeviceSetupView.swift */ = {isa = PBXFileReference; includeInIndex = 1; lastKnownFileType = sourcecode.swift; path = DeviceSetupView.swift; sourceTree = "<group>"; };
		B5D23FC683A49BCF5544934A /* LineDraw.app */ = {isa = PBXFileReference; explicitFileType = wrapper.application; includeInIndex = 0; path = LineDraw.app; sourceTree = BUILT_PRODUCTS_DIR; };
		BC46766C780ACF64E861EE8D /* PairingActivity.appex */ = {isa = PBXFileReference; explicitFileType = "wrapper.app-extension"; includeInIndex = 0; path = PairingActivity.appex; sourceTree = BUILT_PRODUCTS_DIR; };
		C285A6C80B2DA8429297EBC6 /* PairingActivity.swift */ = {isa = PBXFileReference; includeInIndex = 1; lastKnownFileType = sourcecode.swift; path = PairingActivity.swift; sourceTree = "<group>"; };
		C3559C053A6315C0979E30D5 /* DeviceRuntime.swift */ = {isa = PBXFileReference; includeInIndex = 1; lastKnownFileType = sourcecode.swift; path = DeviceRuntime.swift; sourceTree = "<group>"; };
		C9FA6A11B96CFDDA8A81E871 /* CompanionClient.swift */ = {isa = PBXFileReference; includeInIndex = 1; lastKnownFileType = sourcecode.swift; path = CompanionClient.swift; sourceTree = "<group>"; };
		CAF0AA23204CB535B8E1B420 /* AppVersion.swift */ = {isa = PBXFileReference; includeInIndex = 1; lastKnownFileType = sourcecode.swift; path = AppVersion.swift; sourceTree = "<group>"; };
		CF0ED1727D398AC89EDD9106 /* catalog.json */ = {isa = PBXFileReference; includeInIndex = 1; path = catalog.json; sourceTree = "<group>"; };
		D0E0C4DA9915F1CF4FD50F9A /* QRScanner.swift */ = {isa = PBXFileReference; includeInIndex = 1; lastKnownFileType = sourcecode.swift; path = QRScanner.swift; sourceTree = "<group>"; };
/* End PBXFileReference section */

/* Begin PBXFrameworksBuildPhase section */
		3AD44ADC7FAA4E056249D8AA /* Frameworks */ = {
			isa = PBXFrameworksBuildPhase;
			buildActionMask = 2147483647;
			files = (
				C427DF497B8686CD4FD2F5E3 /* Foundation.framework in Frameworks */,
				F1D64B7C6CCF9168559A7CA4 /* LineDrawCore in Frameworks */,
				5435D03561BB7FFB1776B1CF /* LineDrawDeviceBridge.xcframework in Frameworks */,
				1D7244D44C471DBF77BC5F01 /* Security.framework in Frameworks */,
				417EEDC75EE18C79C0DC66DC /* SystemConfiguration.framework in Frameworks */,
				314C4EA9C81390E8917B2727 /* BackgroundTasks.framework in Frameworks */,
			);
			runOnlyForDeploymentPostprocessing = 0;
		};
		4C3A0477ABF6F147CECB93B9 /* Frameworks */ = {
			isa = PBXFrameworksBuildPhase;
			buildActionMask = 2147483647;
			files = (
				4B5E472D26C635BBE01BBEB3 /* Foundation.framework in Frameworks */,
			);
			runOnlyForDeploymentPostprocessing = 0;
		};
		BD3A6C83D547A978412FDA92 /* Frameworks */ = {
			isa = PBXFrameworksBuildPhase;
			buildActionMask = 2147483647;
			files = (
				088E5C8A3A1783004D8CCD80 /* Foundation.framework in Frameworks */,
			);
			runOnlyForDeploymentPostprocessing = 0;
		};
/* End PBXFrameworksBuildPhase section */

/* Begin PBXGroup section */
		07EBC256A1E0957D10CA59D7 /* UITests */ = {
			isa = PBXGroup;
			children = (
				86D35271501F00CF5B543A92 /* LineDrawUITests.swift */,
			);
			name = UITests;
			path = UITests;
			sourceTree = "<group>";
		};
		0F82C7D5738A960FADBC038C /* Frameworks */ = {
			isa = PBXGroup;
			children = (
				F40DCE6EAF4B72AF0A37A15B /* iOS */,
			);
			name = Frameworks;
			sourceTree = "<group>";
		};
		43BEE4F1037CF480201A4CF3 /* Resources */ = {
			isa = PBXGroup;
			children = (
				2F7025AAE0672CAE5AB09863 /* Assets.xcassets */,
				8007FD228BA5C1748FA3E5D6 /* THIRD_PARTY_NOTICES.txt */,
				51649AC32033B8355B434687 /* Rust-THIRD_PARTY_NOTICES.txt */,
				063DA717DB0B68C438A767C9 /* LineDraw-LICENSE.txt */,
				CF0ED1727D398AC89EDD9106 /* catalog.json */,
			);
			name = Resources;
			path = Resources;
			sourceTree = "<group>";
		};
		8C3B8223F85ABAC1F69C5912 /* Products */ = {
			isa = PBXGroup;
			children = (
				B5D23FC683A49BCF5544934A /* LineDraw.app */,
				BC46766C780ACF64E861EE8D /* PairingActivity.appex */,
				19D781667C1515696C5505BF /* LineDrawUITests.xctest */,
			);
			name = Products;
			sourceTree = "<group>";
		};
		8FB3D49CF9090F05E667F329 = {
			isa = PBXGroup;
			children = (
				8C3B8223F85ABAC1F69C5912 /* Products */,
				0F82C7D5738A960FADBC038C /* Frameworks */,
				EC74D7B0376B7CD8CF0D3459 /* App */,
				43BEE4F1037CF480201A4CF3 /* Resources */,
				DD504B79A9DC046CC4F306D6 /* Shared */,
				A939E091DC4147AEDD13C014 /* PairingActivity */,
				07EBC256A1E0957D10CA59D7 /* UITests */,
				3AFBA07DDC5A962D77E83095 /* LineDrawDeviceBridge.xcframework */,
			);
			sourceTree = "<group>";
		};
		A939E091DC4147AEDD13C014 /* PairingActivity */ = {
			isa = PBXGroup;
			children = (
				C285A6C80B2DA8429297EBC6 /* PairingActivity.swift */,
			);
			name = PairingActivity;
			path = PairingActivity;
			sourceTree = "<group>";
		};
		DD504B79A9DC046CC4F306D6 /* Shared */ = {
			isa = PBXGroup;
			children = (
				12365DE5681E3C454CCE3804 /* PairingActivityAttributes.swift */,
			);
			name = Shared;
			path = Shared;
			sourceTree = "<group>";
		};
		EC74D7B0376B7CD8CF0D3459 /* App */ = {
			isa = PBXGroup;
			children = (
				225D6308C11E8C47AFCD1EF7 /* AppModel.swift */,
				6093EE8B24CA20C04D32766E /* CatalogView.swift */,
				C9FA6A11B96CFDDA8A81E871 /* CompanionClient.swift */,
				7471F993CC302E6B0112757A /* DDIDownloadCatalog.swift */,
				41BB499597D1280D82311CDB /* DDIManager.swift */,
				5697F903F441D86D85ADDEEB /* DeviceProbeServer.swift */,
				C3559C053A6315C0979E30D5 /* DeviceRuntime.swift */,
				9B8B730E437E015F5ED40701 /* DeviceSetupView.swift */,
				10F8CCCADEA647B99276EF13 /* LineDrawApp.swift */,
				379CF0D698FB70D20EA2EC0E /* LocalWDA.swift */,
				8EAD8690ADF9B563583CAD08 /* PhonePairing.swift */,
				D0E0C4DA9915F1CF4FD50F9A /* QRScanner.swift */,
				003EA0D1B94CA670AAE3C693 /* SettingsView.swift */,
				CAF0AA23204CB535B8E1B420 /* AppVersion.swift */,
			);
			name = App;
			path = App;
			sourceTree = "<group>";
		};
		F40DCE6EAF4B72AF0A37A15B /* iOS */ = {
			isa = PBXGroup;
			children = (
				7A2E4466D333B21A91B8C2CE /* Foundation.framework */,
				1F0EADB6217B089C52D62FAC /* Security.framework */,
				2DE74D9D511885D1BC42CE93 /* SystemConfiguration.framework */,
				2D00415AFE36AB9747F46873 /* BackgroundTasks.framework */,
			);
			name = iOS;
			sourceTree = "<group>";
		};
/* End PBXGroup section */

/* Begin PBXNativeTarget section */
		2B744407FFF3E26CF7CDA0C7 /* LineDraw */ = {
			isa = PBXNativeTarget;
			buildConfigurationList = 2BC74C39D89B89C3B85FBBD9 /* Build configuration list for PBXNativeTarget "LineDraw" */;
			buildPhases = (
				34AFA9A357F18FFF48F69BFC /* Sources */,
				3AD44ADC7FAA4E056249D8AA /* Frameworks */,
				D19731E32AE418D9B231CB1F /* Resources */,
				914C747FF6D1AC1F2F88CB1F /* Embed App Extensions */,
			);
			buildRules = (
			);
			dependencies = (
				F8E3676BB89806D92D4CF094 /* PBXTargetDependency */,
			);
			name = LineDraw;
			packageProductDependencies = (
				458CEDD80C32D27F2D7D3BEC /* LineDrawCore */,
			);
			productName = LineDraw;
			productReference = B5D23FC683A49BCF5544934A /* LineDraw.app */;
			productType = "com.apple.product-type.application";
		};
		45AE2BA11A8F321849EDA47B /* LineDrawUITests */ = {
			isa = PBXNativeTarget;
			buildConfigurationList = 30E85056C9D9B3F83295D9C8 /* Build configuration list for PBXNativeTarget "LineDrawUITests" */;
			buildPhases = (
				37001B74DCE4C398CF79A47C /* Sources */,
				BD3A6C83D547A978412FDA92 /* Frameworks */,
				4CDC4A0E4477C94D2BA542F7 /* Resources */,
			);
			buildRules = (
			);
			dependencies = (
				67AD80DA1B519CD811D06C8D /* PBXTargetDependency */,
			);
			name = LineDrawUITests;
			productName = LineDrawUITests;
			productReference = 19D781667C1515696C5505BF /* LineDrawUITests.xctest */;
			productType = "com.apple.product-type.bundle.ui-testing";
		};
		B128752DB800B38603A3568F /* PairingActivity */ = {
			isa = PBXNativeTarget;
			buildConfigurationList = 31E5EDCB654BF3E3EDC25B33 /* Build configuration list for PBXNativeTarget "PairingActivity" */;
			buildPhases = (
				99C47CCDC13C3B30E73D92D7 /* Sources */,
				4C3A0477ABF6F147CECB93B9 /* Frameworks */,
				BF2B1A9525AB6E2351620395 /* Resources */,
			);
			buildRules = (
			);
			dependencies = (
			);
			name = PairingActivity;
			productName = PairingActivity;
			productReference = BC46766C780ACF64E861EE8D /* PairingActivity.appex */;
			productType = "com.apple.product-type.app-extension";
		};
/* End PBXNativeTarget section */

/* Begin PBXProject section */
		A2958F812CE90041C0F87ACD /* Project object */ = {
			isa = PBXProject;
			attributes = {
				LastSwiftUpdateCheck = 1600;
				LastUpgradeCheck = 1600;
				TargetAttributes = {
					2B744407FFF3E26CF7CDA0C7 = {
						CreatedOnToolsVersion = 16.0;
						ProvisioningStyle = Automatic;
					};
					45AE2BA11A8F321849EDA47B = {
						CreatedOnToolsVersion = 16.0;
						ProvisioningStyle = Automatic;
						TestTargetID = 2B744407FFF3E26CF7CDA0C7;
					};
					B128752DB800B38603A3568F = {
						CreatedOnToolsVersion = 16.0;
						ProvisioningStyle = Automatic;
					};
				};
			};
			buildConfigurationList = 341C5768156B2B13019CE4E7 /* Build configuration list for PBXProject "LineDraw" */;
			compatibilityVersion = "Xcode 3.2";
			developmentRegion = en;
			hasScannedForEncodings = 0;
			knownRegions = (
				en,
				Base,
			);
			mainGroup = 8FB3D49CF9090F05E667F329;
			minimizedProjectReferenceProxies = 0;
			packageReferences = (
				8C65B3B163F134574CE7D8CC /* XCLocalSwiftPackageReference "Core" */,
			);
			preferredProjectObjectVersion = 100;
			productRefGroup = 8C3B8223F85ABAC1F69C5912 /* Products */;
			projectDirPath = "";
			projectRoot = "";
			targets = (
				2B744407FFF3E26CF7CDA0C7 /* LineDraw */,
				B128752DB800B38603A3568F /* PairingActivity */,
				45AE2BA11A8F321849EDA47B /* LineDrawUITests */,
			);
		};
/* End PBXProject section */

/* Begin PBXResourcesBuildPhase section */
		4CDC4A0E4477C94D2BA542F7 /* Resources */ = {
			isa = PBXResourcesBuildPhase;
			buildActionMask = 2147483647;
			files = (
			);
			runOnlyForDeploymentPostprocessing = 0;
		};
		BF2B1A9525AB6E2351620395 /* Resources */ = {
			isa = PBXResourcesBuildPhase;
			buildActionMask = 2147483647;
			files = (
			);
			runOnlyForDeploymentPostprocessing = 0;
		};
		D19731E32AE418D9B231CB1F /* Resources */ = {
			isa = PBXResourcesBuildPhase;
			buildActionMask = 2147483647;
			files = (
				2B2F4053B6305B14F898B2A8 /* Assets.xcassets in Resources */,
				577676EFE8338C288F30513E /* THIRD_PARTY_NOTICES.txt in Resources */,
				1FDCF290A2B09DABBD1BAD14 /* Rust-THIRD_PARTY_NOTICES.txt in Resources */,
				35A7347830E3B5AF7F95F66A /* LineDraw-LICENSE.txt in Resources */,
				7152C25714BBB07ACB2DAF55 /* catalog.json in Resources */,
			);
			runOnlyForDeploymentPostprocessing = 0;
		};
/* End PBXResourcesBuildPhase section */

/* Begin PBXSourcesBuildPhase section */
		34AFA9A357F18FFF48F69BFC /* Sources */ = {
			isa = PBXSourcesBuildPhase;
			buildActionMask = 2147483647;
			files = (
				0AADAA29D90018379FA80933 /* AppModel.swift in Sources */,
				43363832F535436B4250BFF1 /* CatalogView.swift in Sources */,
				D96D81B794865EEDBE998D27 /* CompanionClient.swift in Sources */,
				5E94875028DE8E27058AD2AB /* DDIDownloadCatalog.swift in Sources */,
				DAAD56031F45D384A000CEF3 /* DDIManager.swift in Sources */,
				320D2D208AF7EE04C69B34D2 /* DeviceProbeServer.swift in Sources */,
				5101B19E6EACB8DCB853EA68 /* DeviceRuntime.swift in Sources */,
				ECE414880E59C85B072C31B7 /* DeviceSetupView.swift in Sources */,
				BA8D6B208E80BC5F604678E2 /* LineDrawApp.swift in Sources */,
				C1F73FE1867400B5923A8408 /* LocalWDA.swift in Sources */,
				744FD6DA0C4C29284B5547D9 /* PhonePairing.swift in Sources */,
				AF62492C2A47CC9F9465FF0B /* QRScanner.swift in Sources */,
				3BB4BE58A8749948C6A33EA6 /* SettingsView.swift in Sources */,
				C407B53EE9EFED769C543993 /* PairingActivityAttributes.swift in Sources */,
				D2B0627AB28DA0981575D014 /* AppVersion.swift in Sources */,
			);
			runOnlyForDeploymentPostprocessing = 0;
		};
		37001B74DCE4C398CF79A47C /* Sources */ = {
			isa = PBXSourcesBuildPhase;
			buildActionMask = 2147483647;
			files = (
				93D1C12D9BEAD8947925CECD /* LineDrawUITests.swift in Sources */,
			);
			runOnlyForDeploymentPostprocessing = 0;
		};
		99C47CCDC13C3B30E73D92D7 /* Sources */ = {
			isa = PBXSourcesBuildPhase;
			buildActionMask = 2147483647;
			files = (
				79069707B6C38458102AF913 /* PairingActivity.swift in Sources */,
				C45011DE42FC48D00949D5B4 /* PairingActivityAttributes.swift in Sources */,
			);
			runOnlyForDeploymentPostprocessing = 0;
		};
/* End PBXSourcesBuildPhase section */

/* Begin PBXTargetDependency section */
		67AD80DA1B519CD811D06C8D /* PBXTargetDependency */ = {
			isa = PBXTargetDependency;
			name = LineDraw;
			target = 2B744407FFF3E26CF7CDA0C7 /* LineDraw */;
			targetProxy = 91DD7E19D1AD77D257A96B73 /* PBXContainerItemProxy */;
		};
		F8E3676BB89806D92D4CF094 /* PBXTargetDependency */ = {
			isa = PBXTargetDependency;
			name = PairingActivity;
			target = B128752DB800B38603A3568F /* PairingActivity */;
			targetProxy = DD9F6BB1E8EDB07D02CB113C /* PBXContainerItemProxy */;
		};
/* End PBXTargetDependency section */

/* Begin XCBuildConfiguration section */
		02EF7D31D38F2A5977AFE0BD /* Debug */ = {
			isa = XCBuildConfiguration;
			buildSettings = {
				ASSETCATALOG_COMPILER_APPICON_NAME = AppIcon;
				ASSETCATALOG_COMPILER_GLOBAL_ACCENT_COLOR_NAME = AccentColor;
				CLANG_ENABLE_OBJC_WEAK = NO;
				CODE_SIGN_STYLE = Automatic;
				CURRENT_PROJECT_VERSION = 32;
				DEVELOPMENT_TEAM = "";
				ENABLE_USER_SCRIPT_SANDBOXING = YES;
				"EXCLUDED_ARCHS[sdk=iphonesimulator*]" = x86_64;
				GENERATE_INFOPLIST_FILE = NO;
				INFOPLIST_FILE = App/Info.plist;
				IPHONEOS_DEPLOYMENT_TARGET = 26.0;
				LD_RUNPATH_SEARCH_PATHS = "$(inherited) @executable_path/Frameworks";
				MARKETING_VERSION = 1.1.9;
				OTHER_LDFLAGS = (
					"$(inherited)",
					"-lc++",
					"-liconv",
					"-lresolv",
				);
				PRODUCT_BUNDLE_IDENTIFIER = com.anxin10.linedraw.ios;
				SDKROOT = iphoneos;
				SUPPORTS_MACCATALYST = NO;
				SWIFT_ACTIVE_COMPILATION_CONDITIONS = "DEBUG $(inherited)";
				SWIFT_EMIT_LOC_STRINGS = YES;
				SWIFT_VERSION = 5.0;
				TARGETED_DEVICE_FAMILY = "1,2";
			};
			name = Debug;
		};
		269862F92D485371C00F783A /* Release */ = {
			isa = XCBuildConfiguration;
			buildSettings = {
				ALWAYS_SEARCH_USER_PATHS = NO;
				CLANG_ANALYZER_NONNULL = YES;
				CLANG_ANALYZER_NUMBER_OBJECT_CONVERSION = YES_AGGRESSIVE;
				CLANG_CXX_LANGUAGE_STANDARD = "gnu++14";
				CLANG_CXX_LIBRARY = "libc++";
				CLANG_ENABLE_MODULES = YES;
				CLANG_ENABLE_OBJC_ARC = YES;
				CLANG_ENABLE_OBJC_WEAK = YES;
				CLANG_WARN_BLOCK_CAPTURE_AUTORELEASING = YES;
				CLANG_WARN_BOOL_CONVERSION = YES;
				CLANG_WARN_COMMA = YES;
				CLANG_WARN_CONSTANT_CONVERSION = YES;
				CLANG_WARN_DEPRECATED_OBJC_IMPLEMENTATIONS = YES;
				CLANG_WARN_DIRECT_OBJC_ISA_USAGE = YES_ERROR;
				CLANG_WARN_DOCUMENTATION_COMMENTS = YES;
				CLANG_WARN_EMPTY_BODY = YES;
				CLANG_WARN_ENUM_CONVERSION = YES;
				CLANG_WARN_INFINITE_RECURSION = YES;
				CLANG_WARN_INT_CONVERSION = YES;
				CLANG_WARN_NON_LITERAL_NULL_CONVERSION = YES;
				CLANG_WARN_OBJC_IMPLICIT_RETAIN_SELF = YES;
				CLANG_WARN_OBJC_LITERAL_CONVERSION = YES;
				CLANG_WARN_OBJC_ROOT_CLASS = YES_ERROR;
				CLANG_WARN_QUOTED_INCLUDE_IN_FRAMEWORK_HEADER = YES;
				CLANG_WARN_RANGE_LOOP_ANALYSIS = YES;
				CLANG_WARN_STRICT_PROTOTYPES = YES;
				CLANG_WARN_SUSPICIOUS_MOVE = YES;
				CLANG_WARN_UNGUARDED_AVAILABILITY = YES_AGGRESSIVE;
				CLANG_WARN_UNREACHABLE_CODE = YES;
				CLANG_WARN__DUPLICATE_METHOD_MATCH = YES;
				COPY_PHASE_STRIP = NO;
				DEBUG_INFORMATION_FORMAT = "dwarf-with-dsym";
				ENABLE_NS_ASSERTIONS = NO;
				ENABLE_STRICT_OBJC_MSGSEND = YES;
				GCC_C_LANGUAGE_STANDARD = gnu11;
				GCC_NO_COMMON_BLOCKS = YES;
				GCC_WARN_64_TO_32_BIT_CONVERSION = YES;
				GCC_WARN_ABOUT_RETURN_TYPE = YES_ERROR;
				GCC_WARN_UNDECLARED_SELECTOR = YES;
				GCC_WARN_UNINITIALIZED_AUTOS = YES_AGGRESSIVE;
				GCC_WARN_UNUSED_FUNCTION = YES;
				GCC_WARN_UNUSED_VARIABLE = YES;
				MTL_ENABLE_DEBUG_INFO = NO;
				MTL_FAST_MATH = YES;
				PRODUCT_NAME = "$(TARGET_NAME)";
				SWIFT_COMPILATION_MODE = wholemodule;
				SWIFT_OPTIMIZATION_LEVEL = "-O";
				SWIFT_VERSION = 5.0;
			};
			name = Release;
		};
		41BBCA4B5061B82B256D0323 /* Release */ = {
			isa = XCBuildConfiguration;
			buildSettings = {
				APPLICATION_EXTENSION_API_ONLY = YES;
				CLANG_ENABLE_OBJC_WEAK = NO;
				CODE_SIGN_STYLE = Automatic;
				CURRENT_PROJECT_VERSION = 32;
				DEVELOPMENT_TEAM = "";
				"EXCLUDED_ARCHS[sdk=iphonesimulator*]" = x86_64;
				GENERATE_INFOPLIST_FILE = NO;
				INFOPLIST_FILE = PairingActivity/Info.plist;
				IPHONEOS_DEPLOYMENT_TARGET = 26.0;
				MARKETING_VERSION = 1.1.9;
				PRODUCT_BUNDLE_IDENTIFIER = com.anxin10.linedraw.ios.PairingActivity;
				SDKROOT = iphoneos;
				SKIP_INSTALL = YES;
				SWIFT_VERSION = 5.0;
				TARGETED_DEVICE_FAMILY = "1,2";
				VALIDATE_PRODUCT = YES;
			};
			name = Release;
		};
		597F8B70755B50B7B09E57A1 /* Release */ = {
			isa = XCBuildConfiguration;
			buildSettings = {
				CLANG_ENABLE_OBJC_WEAK = NO;
				CODE_SIGN_STYLE = Automatic;
				DEVELOPMENT_TEAM = "";
				"EXCLUDED_ARCHS[sdk=iphonesimulator*]" = x86_64;
				GENERATE_INFOPLIST_FILE = YES;
				IPHONEOS_DEPLOYMENT_TARGET = 26.0;
				PRODUCT_BUNDLE_IDENTIFIER = com.anxin10.linedraw.ios.uitests;
				SDKROOT = iphoneos;
				SWIFT_VERSION = 5.0;
				TARGETED_DEVICE_FAMILY = "1,2";
				TEST_TARGET_NAME = LineDraw;
				VALIDATE_PRODUCT = YES;
			};
			name = Release;
		};
		6802258D6F453B3589B81CB3 /* Debug */ = {
			isa = XCBuildConfiguration;
			buildSettings = {
				ALWAYS_SEARCH_USER_PATHS = NO;
				CLANG_ANALYZER_NONNULL = YES;
				CLANG_ANALYZER_NUMBER_OBJECT_CONVERSION = YES_AGGRESSIVE;
				CLANG_CXX_LANGUAGE_STANDARD = "gnu++14";
				CLANG_CXX_LIBRARY = "libc++";
				CLANG_ENABLE_MODULES = YES;
				CLANG_ENABLE_OBJC_ARC = YES;
				CLANG_ENABLE_OBJC_WEAK = YES;
				CLANG_WARN_BLOCK_CAPTURE_AUTORELEASING = YES;
				CLANG_WARN_BOOL_CONVERSION = YES;
				CLANG_WARN_COMMA = YES;
				CLANG_WARN_CONSTANT_CONVERSION = YES;
				CLANG_WARN_DEPRECATED_OBJC_IMPLEMENTATIONS = YES;
				CLANG_WARN_DIRECT_OBJC_ISA_USAGE = YES_ERROR;
				CLANG_WARN_DOCUMENTATION_COMMENTS = YES;
				CLANG_WARN_EMPTY_BODY = YES;
				CLANG_WARN_ENUM_CONVERSION = YES;
				CLANG_WARN_INFINITE_RECURSION = YES;
				CLANG_WARN_INT_CONVERSION = YES;
				CLANG_WARN_NON_LITERAL_NULL_CONVERSION = YES;
				CLANG_WARN_OBJC_IMPLICIT_RETAIN_SELF = YES;
				CLANG_WARN_OBJC_LITERAL_CONVERSION = YES;
				CLANG_WARN_OBJC_ROOT_CLASS = YES_ERROR;
				CLANG_WARN_QUOTED_INCLUDE_IN_FRAMEWORK_HEADER = YES;
				CLANG_WARN_RANGE_LOOP_ANALYSIS = YES;
				CLANG_WARN_STRICT_PROTOTYPES = YES;
				CLANG_WARN_SUSPICIOUS_MOVE = YES;
				CLANG_WARN_UNGUARDED_AVAILABILITY = YES_AGGRESSIVE;
				CLANG_WARN_UNREACHABLE_CODE = YES;
				CLANG_WARN__DUPLICATE_METHOD_MATCH = YES;
				COPY_PHASE_STRIP = NO;
				DEBUG_INFORMATION_FORMAT = dwarf;
				ENABLE_STRICT_OBJC_MSGSEND = YES;
				ENABLE_TESTABILITY = YES;
				GCC_C_LANGUAGE_STANDARD = gnu11;
				GCC_DYNAMIC_NO_PIC = NO;
				GCC_NO_COMMON_BLOCKS = YES;
				GCC_OPTIMIZATION_LEVEL = 0;
				GCC_PREPROCESSOR_DEFINITIONS = (
					"DEBUG=1",
					"$(inherited)",
				);
				GCC_WARN_64_TO_32_BIT_CONVERSION = YES;
				GCC_WARN_ABOUT_RETURN_TYPE = YES_ERROR;
				GCC_WARN_UNDECLARED_SELECTOR = YES;
				GCC_WARN_UNINITIALIZED_AUTOS = YES_AGGRESSIVE;
				GCC_WARN_UNUSED_FUNCTION = YES;
				GCC_WARN_UNUSED_VARIABLE = YES;
				MTL_ENABLE_DEBUG_INFO = INCLUDE_SOURCE;
				MTL_FAST_MATH = YES;
				ONLY_ACTIVE_ARCH = YES;
				PRODUCT_NAME = "$(TARGET_NAME)";
				SWIFT_ACTIVE_COMPILATION_CONDITIONS = DEBUG;
				SWIFT_OPTIMIZATION_LEVEL = "-Onone";
				SWIFT_VERSION = 5.0;
			};
			name = Debug;
		};
		69EECC098B51905BD38BCA78 /* Debug */ = {
			isa = XCBuildConfiguration;
			buildSettings = {
				APPLICATION_EXTENSION_API_ONLY = YES;
				CLANG_ENABLE_OBJC_WEAK = NO;
				CODE_SIGN_STYLE = Automatic;
				CURRENT_PROJECT_VERSION = 32;
				DEVELOPMENT_TEAM = "";
				"EXCLUDED_ARCHS[sdk=iphonesimulator*]" = x86_64;
				GENERATE_INFOPLIST_FILE = NO;
				INFOPLIST_FILE = PairingActivity/Info.plist;
				IPHONEOS_DEPLOYMENT_TARGET = 26.0;
				MARKETING_VERSION = 1.1.9;
				PRODUCT_BUNDLE_IDENTIFIER = com.anxin10.linedraw.ios.PairingActivity;
				SDKROOT = iphoneos;
				SKIP_INSTALL = YES;
				SWIFT_VERSION = 5.0;
				TARGETED_DEVICE_FAMILY = "1,2";
			};
			name = Debug;
		};
		E05B8A1FEBA62B4595BA4063 /* Debug */ = {
			isa = XCBuildConfiguration;
			buildSettings = {
				CLANG_ENABLE_OBJC_WEAK = NO;
				CODE_SIGN_STYLE = Automatic;
				DEVELOPMENT_TEAM = "";
				"EXCLUDED_ARCHS[sdk=iphonesimulator*]" = x86_64;
				GENERATE_INFOPLIST_FILE = YES;
				IPHONEOS_DEPLOYMENT_TARGET = 26.0;
				PRODUCT_BUNDLE_IDENTIFIER = com.anxin10.linedraw.ios.uitests;
				SDKROOT = iphoneos;
				SWIFT_VERSION = 5.0;
				TARGETED_DEVICE_FAMILY = "1,2";
				TEST_TARGET_NAME = LineDraw;
			};
			name = Debug;
		};
		FE819BBB5298555DBFE2FF2B /* Release */ = {
			isa = XCBuildConfiguration;
			buildSettings = {
				ASSETCATALOG_COMPILER_APPICON_NAME = AppIcon;
				ASSETCATALOG_COMPILER_GLOBAL_ACCENT_COLOR_NAME = AccentColor;
				CLANG_ENABLE_OBJC_WEAK = NO;
				CODE_SIGN_STYLE = Automatic;
				CURRENT_PROJECT_VERSION = 32;
				DEVELOPMENT_TEAM = "";
				ENABLE_USER_SCRIPT_SANDBOXING = YES;
				"EXCLUDED_ARCHS[sdk=iphonesimulator*]" = x86_64;
				GENERATE_INFOPLIST_FILE = NO;
				INFOPLIST_FILE = App/Info.plist;
				IPHONEOS_DEPLOYMENT_TARGET = 26.0;
				LD_RUNPATH_SEARCH_PATHS = "$(inherited) @executable_path/Frameworks";
				MARKETING_VERSION = 1.1.9;
				OTHER_LDFLAGS = (
					"$(inherited)",
					"-lc++",
					"-liconv",
					"-lresolv",
				);
				PRODUCT_BUNDLE_IDENTIFIER = com.anxin10.linedraw.ios;
				SDKROOT = iphoneos;
				SUPPORTS_MACCATALYST = NO;
				SWIFT_EMIT_LOC_STRINGS = YES;
				SWIFT_VERSION = 5.0;
				TARGETED_DEVICE_FAMILY = "1,2";
				VALIDATE_PRODUCT = YES;
			};
			name = Release;
		};
/* End XCBuildConfiguration section */

/* Begin XCConfigurationList section */
		2BC74C39D89B89C3B85FBBD9 /* Build configuration list for PBXNativeTarget "LineDraw" */ = {
			isa = XCConfigurationList;
			buildConfigurations = (
				FE819BBB5298555DBFE2FF2B /* Release */,
				02EF7D31D38F2A5977AFE0BD /* Debug */,
			);
			defaultConfigurationIsVisible = 0;
			defaultConfigurationName = Release;
		};
		30E85056C9D9B3F83295D9C8 /* Build configuration list for PBXNativeTarget "LineDrawUITests" */ = {
			isa = XCConfigurationList;
			buildConfigurations = (
				597F8B70755B50B7B09E57A1 /* Release */,
				E05B8A1FEBA62B4595BA4063 /* Debug */,
			);
			defaultConfigurationIsVisible = 0;
			defaultConfigurationName = Release;
		};
		31E5EDCB654BF3E3EDC25B33 /* Build configuration list for PBXNativeTarget "PairingActivity" */ = {
			isa = XCConfigurationList;
			buildConfigurations = (
				41BBCA4B5061B82B256D0323 /* Release */,
				69EECC098B51905BD38BCA78 /* Debug */,
			);
			defaultConfigurationIsVisible = 0;
			defaultConfigurationName = Release;
		};
		341C5768156B2B13019CE4E7 /* Build configuration list for PBXProject "LineDraw" */ = {
			isa = XCConfigurationList;
			buildConfigurations = (
				6802258D6F453B3589B81CB3 /* Debug */,
				269862F92D485371C00F783A /* Release */,
			);
			defaultConfigurationIsVisible = 0;
			defaultConfigurationName = Release;
		};
/* End XCConfigurationList section */

/* Begin XCLocalSwiftPackageReference section */
		8C65B3B163F134574CE7D8CC /* XCLocalSwiftPackageReference "Core" */ = {
			isa = XCLocalSwiftPackageReference;
			relativePath = Core;
		};
/* End XCLocalSwiftPackageReference section */

/* Begin XCSwiftPackageProductDependency section */
		458CEDD80C32D27F2D7D3BEC /* LineDrawCore */ = {
			isa = XCSwiftPackageProductDependency;
			package = 8C65B3B163F134574CE7D8CC /* XCLocalSwiftPackageReference "Core" */;
			productName = LineDrawCore;
		};
/* End XCSwiftPackageProductDependency section */
	};
	rootObject = A2958F812CE90041C0F87ACD /* Project object */;
}
